
Microsoft Visual Studio Solution File, Format Version 12.00
# Visual Studio Version 17
VisualStudioVersion = 17.7.34024.191
MinimumVisualStudioVersion = 10.0.40219.1
Project("{FAE04EC0-301F-11D3-BF4B-00C04F79EFBC}") = "ConsoleApp2", "ConsoleApp2\ConsoleApp2.csproj", "{F14ABDD4-89CC-40FA-B818-3B800F34FAE1}"
EndProject
Global
	GlobalSection(SolutionConfigurationPlatforms) = preSolution
		Debug|Any CPU = Debug|Any CPU
		Release|Any CPU = Release|Any CPU
	EndGlobalSection
	GlobalSection(ProjectConfigurationPlatforms) = postSolution
		{F14ABDD4-89CC-40FA-B818-3B800F34FAE1}.Debug|Any CPU.ActiveCfg = Debug|Any CPU
		{F14ABDD4-89CC-40FA-B818-3B800F34FAE1}.Debug|Any CPU.Build.0 = Debug|Any CPU
		{F14ABDD4-89CC-40FA-B818-3B800F34FAE1}.Release|Any CPU.ActiveCfg = Release|Any CPU
		{F14ABDD4-89CC-40FA-B818-3B800F34FAE1}.Release|Any CPU.Build.0 = Release|Any CPU
	EndGlobalSection
	GlobalSection(SolutionProperties) = preSolution
		HideSolutionNode = FALSE
	EndGlobalSection
	GlobalSection(ExtensibilityGlobals) = postSolution
		SolutionGuid = {22573978-0869-4F0D-850A-7D827BF96576}
	EndGlobalSection
EndGlobal
